
Microsoft Visual Studio Solution File, Format Version 12.00
# Visual Studio Version 17
VisualStudioVersion = 17.5.002.0
MinimumVisualStudioVersion = 10.0.40219.1
Project("{2150E333-8FDC-42A3-9474-1A3956D46DE8}") = "Lesson 3", "Lesson 3", "{288F7EDC-AA11-43E0-BB6E-252DB7139B1B}"
EndProject
Project("{9A19103F-16F7-4668-BE54-9A1E7A4F7556}") = "Task 1", "Lesson 3\Task 1\Task 1.csproj", "{CE260E14-59EA-473C-BFAB-23933A011A23}"
EndProject
Project("{9A19103F-16F7-4668-BE54-9A1E7A4F7556}") = "Task 2", "Lesson 3\Task 2\Task 2.csproj", "{11E5D423-58B5-4406-97CE-B5184B1AAC77}"
EndProject
Project("{9A19103F-16F7-4668-BE54-9A1E7A4F7556}") = "Task 3", "Lesson 3\Task 3\Task 3.csproj", "{A21519BC-1C37-42A5-90A4-DADE259A8D8F}"
EndProject
Project("{2150E333-8FDC-42A3-9474-1A3956D46DE8}") = "Lesson 5", "Lesson 5", "{2F66FD29-6E1F-4D62-B07D-C4D27D5B837A}"
EndProject
Project("{9A19103F-16F7-4668-BE54-9A1E7A4F7556}") = "Task 1", "Lesson 5\Task 1\Task 1.csproj", "{3019DEF1-D07C-400C-B282-D197DBC4D091}"
EndProject
Project("{9A19103F-16F7-4668-BE54-9A1E7A4F7556}") = "Task 2", "Lesson 5\Task 2\Task 2.csproj", "{F7DA7BF2-BF00-476C-BD48-EE5C734E279E}"
EndProject
Project("{9A19103F-16F7-4668-BE54-9A1E7A4F7556}") = "Task 3", "Lesson 5\Task 3\Task 3.csproj", "{4B8DD00A-233B-49DE-B67F-C7EA0CE2BAF6}"
EndProject
Project("{9A19103F-16F7-4668-BE54-9A1E7A4F7556}") = "Task 4", "Lesson 5\Task 4\Task 4.csproj", "{78D135D7-F32A-42A3-9E61-584AE10953E8}"
EndProject
Project("{2150E333-8FDC-42A3-9474-1A3956D46DE8}") = "Lesson 6", "Lesson 6", "{6C03E8EB-FA14-4EC2-BB10-ABEBB54970BA}"
EndProject
Project("{9A19103F-16F7-4668-BE54-9A1E7A4F7556}") = "Task 1", "Lesson 6\Task 1\Task 1.csproj", "{FA3F95A9-366B-43B5-AEC1-2B7D2256D0A7}"
EndProject
Project("{9A19103F-16F7-4668-BE54-9A1E7A4F7556}") = "Task 2", "Lesson 6\Task 2\Task 2.csproj", "{C458BA2A-3613-4B76-A8AD-2791572F5A26}"
EndProject
Project("{9A19103F-16F7-4668-BE54-9A1E7A4F7556}") = "Task 3", "Lesson 6\Task 3\Task 3.csproj", "{A37C226E-C1E2-4CEE-A62F-D6686365FA47}"
EndProject
Global
	GlobalSection(SolutionConfigurationPlatforms) = preSolution
		Debug|Any CPU = Debug|Any CPU
		Release|Any CPU = Release|Any CPU
	EndGlobalSection
	GlobalSection(ProjectConfigurationPlatforms) = postSolution
		{CE260E14-59EA-473C-BFAB-23933A011A23}.Debug|Any CPU.ActiveCfg = Debug|Any CPU
		{CE260E14-59EA-473C-BFAB-23933A011A23}.Debug|Any CPU.Build.0 = Debug|Any CPU
		{CE260E14-59EA-473C-BFAB-23933A011A23}.Release|Any CPU.ActiveCfg = Release|Any CPU
		{CE260E14-59EA-473C-BFAB-23933A011A23}.Release|Any CPU.Build.0 = Release|Any CPU
		{11E5D423-58B5-4406-97CE-B5184B1AAC77}.Debug|Any CPU.ActiveCfg = Debug|Any CPU
		{11E5D423-58B5-4406-97CE-B5184B1AAC77}.Debug|Any CPU.Build.0 = Debug|Any CPU
		{11E5D423-58B5-4406-97CE-B5184B1AAC77}.Release|Any CPU.ActiveCfg = Release|Any CPU
		{11E5D423-58B5-4406-97CE-B5184B1AAC77}.Release|Any CPU.Build.0 = Release|Any CPU
		{A21519BC-1C37-42A5-90A4-DADE259A8D8F}.Debug|Any CPU.ActiveCfg = Debug|Any CPU
		{A21519BC-1C37-42A5-90A4-DADE259A8D8F}.Debug|Any CPU.Build.0 = Debug|Any CPU
		{A21519BC-1C37-42A5-90A4-DADE259A8D8F}.Release|Any CPU.ActiveCfg = Release|Any CPU
		{A21519BC-1C37-42A5-90A4-DADE259A8D8F}.Release|Any CPU.Build.0 = Release|Any CPU
		{3019DEF1-D07C-400C-B282-D197DBC4D091}.Debug|Any CPU.ActiveCfg = Debug|Any CPU
		{3019DEF1-D07C-400C-B282-D197DBC4D091}.Debug|Any CPU.Build.0 = Debug|Any CPU
		{3019DEF1-D07C-400C-B282-D197DBC4D091}.Release|Any CPU.ActiveCfg = Release|Any CPU
		{3019DEF1-D07C-400C-B282-D197DBC4D091}.Release|Any CPU.Build.0 = Release|Any CPU
		{F7DA7BF2-BF00-476C-BD48-EE5C734E279E}.Debug|Any CPU.ActiveCfg = Debug|Any CPU
		{F7DA7BF2-BF00-476C-BD48-EE5C734E279E}.Debug|Any CPU.Build.0 = Debug|Any CPU
		{F7DA7BF2-BF00-476C-BD48-EE5C734E279E}.Release|Any CPU.ActiveCfg = Release|Any CPU
		{F7DA7BF2-BF00-476C-BD48-EE5C734E279E}.Release|Any CPU.Build.0 = Release|Any CPU
		{4B8DD00A-233B-49DE-B67F-C7EA0CE2BAF6}.Debug|Any CPU.ActiveCfg = Debug|Any CPU
		{4B8DD00A-233B-49DE-B67F-C7EA0CE2BAF6}.Debug|Any CPU.Build.0 = Debug|Any CPU
		{4B8DD00A-233B-49DE-B67F-C7EA0CE2BAF6}.Release|Any CPU.ActiveCfg = Release|Any CPU
		{4B8DD00A-233B-49DE-B67F-C7EA0CE2BAF6}.Release|Any CPU.Build.0 = Release|Any CPU
		{78D135D7-F32A-42A3-9E61-584AE10953E8}.Debug|Any CPU.ActiveCfg = Debug|Any CPU
		{78D135D7-F32A-42A3-9E61-584AE10953E8}.Debug|Any CPU.Build.0 = Debug|Any CPU
		{78D135D7-F32A-42A3-9E61-584AE10953E8}.Release|Any CPU.ActiveCfg = Release|Any CPU
		{78D135D7-F32A-42A3-9E61-584AE10953E8}.Release|Any CPU.Build.0 = Release|Any CPU
		{FA3F95A9-366B-43B5-AEC1-2B7D2256D0A7}.Debug|Any CPU.ActiveCfg = Debug|Any CPU
		{FA3F95A9-366B-43B5-AEC1-2B7D2256D0A7}.Debug|Any CPU.Build.0 = Debug|Any CPU
		{FA3F95A9-366B-43B5-AEC1-2B7D2256D0A7}.Release|Any CPU.ActiveCfg = Release|Any CPU
		{FA3F95A9-366B-43B5-AEC1-2B7D2256D0A7}.Release|Any CPU.Build.0 = Release|Any CPU
		{C458BA2A-3613-4B76-A8AD-2791572F5A26}.Debug|Any CPU.ActiveCfg = Debug|Any CPU
		{C458BA2A-3613-4B76-A8AD-2791572F5A26}.Debug|Any CPU.Build.0 = Debug|Any CPU
		{C458BA2A-3613-4B76-A8AD-2791572F5A26}.Release|Any CPU.ActiveCfg = Release|Any CPU
		{C458BA2A-3613-4B76-A8AD-2791572F5A26}.Release|Any CPU.Build.0 = Release|Any CPU
		{A37C226E-C1E2-4CEE-A62F-D6686365FA47}.Debug|Any CPU.ActiveCfg = Debug|Any CPU
		{A37C226E-C1E2-4CEE-A62F-D6686365FA47}.Debug|Any CPU.Build.0 = Debug|Any CPU
		{A37C226E-C1E2-4CEE-A62F-D6686365FA47}.Release|Any CPU.ActiveCfg = Release|Any CPU
		{A37C226E-C1E2-4CEE-A62F-D6686365FA47}.Release|Any CPU.Build.0 = Release|Any CPU
	EndGlobalSection
	GlobalSection(SolutionProperties) = preSolution
		HideSolutionNode = FALSE
	EndGlobalSection
	GlobalSection(NestedProjects) = preSolution
		{CE260E14-59EA-473C-BFAB-23933A011A23} = {288F7EDC-AA11-43E0-BB6E-252DB7139B1B}
		{11E5D423-58B5-4406-97CE-B5184B1AAC77} = {288F7EDC-AA11-43E0-BB6E-252DB7139B1B}
		{A21519BC-1C37-42A5-90A4-DADE259A8D8F} = {288F7EDC-AA11-43E0-BB6E-252DB7139B1B}
		{3019DEF1-D07C-400C-B282-D197DBC4D091} = {2F66FD29-6E1F-4D62-B07D-C4D27D5B837A}
		{F7DA7BF2-BF00-476C-BD48-EE5C734E279E} = {2F66FD29-6E1F-4D62-B07D-C4D27D5B837A}
		{4B8DD00A-233B-49DE-B67F-C7EA0CE2BAF6} = {2F66FD29-6E1F-4D62-B07D-C4D27D5B837A}
		{78D135D7-F32A-42A3-9E61-584AE10953E8} = {2F66FD29-6E1F-4D62-B07D-C4D27D5B837A}
		{FA3F95A9-366B-43B5-AEC1-2B7D2256D0A7} = {6C03E8EB-FA14-4EC2-BB10-ABEBB54970BA}
		{C458BA2A-3613-4B76-A8AD-2791572F5A26} = {6C03E8EB-FA14-4EC2-BB10-ABEBB54970BA}
		{A37C226E-C1E2-4CEE-A62F-D6686365FA47} = {6C03E8EB-FA14-4EC2-BB10-ABEBB54970BA}
	EndGlobalSection
	GlobalSection(ExtensibilityGlobals) = postSolution
		SolutionGuid = {A549BC3E-973B-45B0-8616-D8C7A4B3CEDE}
	EndGlobalSection
EndGlobal
